// !$*UTF8*$!
{
	archiveVersion = 1;
	classes = {
	};
	objectVersion = 50;
	objects = {

/* Begin PBXBuildFile section */
		7A0038B72639536E00CE08A4 /* titleView.swift in Sources */ = {isa = PBXBuildFile; fileRef = 7A0038B62639536E00CE08A4 /* titleView.swift */; };
		7A19D32E26318CD400F54170 /* AppDelegate.swift in Sources */ = {isa = PBXBuildFile; fileRef = 7A19D32D26318CD400F54170 /* AppDelegate.swift */; };
		7A19D33026318CD400F54170 /* SceneDelegate.swift in Sources */ = {isa = PBXBuildFile; fileRef = 7A19D32F26318CD400F54170 /* SceneDelegate.swift */; };
		7A19D33226318CD400F54170 /* ViewController.swift in Sources */ = {isa = PBXBuildFile; fileRef = 7A19D33126318CD400F54170 /* ViewController.swift */; };
		7A19D33526318CD400F54170 /* Main.storyboard in Resources */ = {isa = PBXBuildFile; fileRef = 7A19D33326318CD400F54170 /* Main.storyboard */; };
		7A19D33726318CD500F54170 /* Assets.xcassets in Resources */ = {isa = PBXBuildFile; fileRef = 7A19D33626318CD500F54170 /* Assets.xcassets */; };
		7A19D33A26318CD500F54170 /* LaunchScreen.storyboard in Resources */ = {isa = PBXBuildFile; fileRef = 7A19D33826318CD500F54170 /* LaunchScreen.storyboard */; };
		7A19D34526318CD500F54170 /* AnimeTests.swift in Sources */ = {isa = PBXBuildFile; fileRef = 7A19D34426318CD500F54170 /* AnimeTests.swift */; };
		7A19D35026318CD500F54170 /* AnimeUITests.swift in Sources */ = {isa = PBXBuildFile; fileRef = 7A19D34F26318CD500F54170 /* AnimeUITests.swift */; };
		7A19D3612631905300F54170 /* Cells in Resources */ = {isa = PBXBuildFile; fileRef = 7A19D3602631905300F54170 /* Cells */; };
		7A19D3682631919200F54170 /* AnimeTableViewCell.swift in Sources */ = {isa = PBXBuildFile; fileRef = 7A19D3662631919200F54170 /* AnimeTableViewCell.swift */; };
		7A19D3692631919200F54170 /* AnimeTableViewCell.xib in Resources */ = {isa = PBXBuildFile; fileRef = 7A19D3672631919200F54170 /* AnimeTableViewCell.xib */; };
		7A737DC92636D7EE00E6F5C2 /* AnimeDetailViewController.swift in Sources */ = {isa = PBXBuildFile; fileRef = 7A737DC82636D7EE00E6F5C2 /* AnimeDetailViewController.swift */; };
/* End PBXBuildFile section */

/* Begin PBXContainerItemProxy section */
		7A19D34126318CD500F54170 /* PBXContainerItemProxy */ = {
			isa = PBXContainerItemProxy;
			containerPortal = 7A19D32226318CD400F54170 /* Project object */;
			proxyType = 1;
			remoteGlobalIDString = 7A19D32926318CD400F54170;
			remoteInfo = Anime;
		};
		7A19D34C26318CD500F54170 /* PBXContainerItemProxy */ = {
			isa = PBXContainerItemProxy;
			containerPortal = 7A19D32226318CD400F54170 /* Project object */;
			proxyType = 1;
			remoteGlobalIDString = 7A19D32926318CD400F54170;
			remoteInfo = Anime;
		};
/* End PBXContainerItemProxy section */

/* Begin PBXFileReference section */
		7A0038B62639536E00CE08A4 /* titleView.swift */ = {isa = PBXFileReference; lastKnownFileType = sourcecode.swift; path = titleView.swift; sourceTree = "<group>"; };
		7A19D32A26318CD400F54170 /* Anime.app */ = {isa = PBXFileReference; explicitFileType = wrapper.application; includeInIndex = 0; path = Anime.app; sourceTree = BUILT_PRODUCTS_DIR; };
		7A19D32D26318CD400F54170 /* AppDelegate.swift */ = {isa = PBXFileReference; lastKnownFileType = sourcecode.swift; path = AppDelegate.swift; sourceTree = "<group>"; };
		7A19D32F26318CD400F54170 /* SceneDelegate.swift */ = {isa = PBXFileReference; lastKnownFileType = sourcecode.swift; path = SceneDelegate.swift; sourceTree = "<group>"; };
		7A19D33126318CD400F54170 /* ViewController.swift */ = {isa = PBXFileReference; lastKnownFileType = sourcecode.swift; path = ViewController.swift; sourceTree = "<group>"; };
		7A19D33426318CD400F54170 /* Base */ = {isa = PBXFileReference; lastKnownFileType = file.storyboard; name = Base; path = Base.lproj/Main.storyboard; sourceTree = "<group>"; };
		7A19D33626318CD500F54170 /* Assets.xcassets */ = {isa = PBXFileReference; lastKnownFileType = folder.assetcatalog; path = Assets.xcassets; sourceTree = "<group>"; };
		7A19D33926318CD500F54170 /* Base */ = {isa = PBXFileReference; lastKnownFileType = file.storyboard; name = Base; path = Base.lproj/LaunchScreen.storyboard; sourceTree = "<group>"; };
		7A19D33B26318CD500F54170 /* Info.plist */ = {isa = PBXFileReference; lastKnownFileType = text.plist.xml; path = Info.plist; sourceTree = "<group>"; };
		7A19D34026318CD500F54170 /* AnimeTests.xctest */ = {isa = PBXFileReference; explicitFileType = wrapper.cfbundle; includeInIndex = 0; path = AnimeTests.xctest; sourceTree = BUILT_PRODUCTS_DIR; };
		7A19D34426318CD500F54170 /* AnimeTests.swift */ = {isa = PBXFileReference; lastKnownFileType = sourcecode.swift; path = AnimeTests.swift; sourceTree = "<group>"; };
		7A19D34626318CD500F54170 /* Info.plist */ = {isa = PBXFileReference; lastKnownFileType = text.plist.xml; path = Info.plist; sourceTree = "<group>"; };
		7A19D34B26318CD500F54170 /* AnimeUITests.xctest */ = {isa = PBXFileReference; explicitFileType = wrapper.cfbundle; includeInIndex = 0; path = AnimeUITests.xctest; sourceTree = BUILT_PRODUCTS_DIR; };
		7A19D34F26318CD500F54170 /* AnimeUITests.swift */ = {isa = PBXFileReference; lastKnownFileType = sourcecode.swift; path = AnimeUITests.swift; sourceTree = "<group>"; };
		7A19D35126318CD500F54170 /* Info.plist */ = {isa = PBXFileReference; lastKnownFileType = text.plist.xml; path = Info.plist; sourceTree = "<group>"; };
		7A19D3602631905300F54170 /* Cells */ = {isa = PBXFileReference; lastKnownFileType = folder; path = Cells; sourceTree = "<group>"; };
		7A19D3662631919200F54170 /* AnimeTableViewCell.swift */ = {isa = PBXFileReference; lastKnownFileType = sourcecode.swift; path = AnimeTableViewCell.swift; sourceTree = "<group>"; };
		7A19D3672631919200F54170 /* AnimeTableViewCell.xib */ = {isa = PBXFileReference; lastKnownFileType = file.xib; path = AnimeTableViewCell.xib; sourceTree = "<group>"; };
		7A737DC82636D7EE00E6F5C2 /* AnimeDetailViewController.swift */ = {isa = PBXFileReference; lastKnownFileType = sourcecode.swift; path = AnimeDetailViewController.swift; sourceTree = "<group>"; };
/* End PBXFileReference section */

/* Begin PBXFrameworksBuildPhase section */
		7A19D32726318CD400F54170 /* Frameworks */ = {
			isa = PBXFrameworksBuildPhase;
			buildActionMask = 2147483647;
			files = (
			);
			runOnlyForDeploymentPostprocessing = 0;
		};
		7A19D33D26318CD500F54170 /* Frameworks */ = {
			isa = PBXFrameworksBuildPhase;
			buildActionMask = 2147483647;
			files = (
			);
			runOnlyForDeploymentPostprocessing = 0;
		};
		7A19D34826318CD500F54170 /* Frameworks */ = {
			isa = PBXFrameworksBuildPhase;
			buildActionMask = 2147483647;
			files = (
			);
			runOnlyForDeploymentPostprocessing = 0;
		};
/* End PBXFrameworksBuildPhase section */

/* Begin PBXGroup section */
		7A19D32126318CD400F54170 = {
			isa = PBXGroup;
			children = (
				7A19D3602631905300F54170 /* Cells */,
				7A19D32C26318CD400F54170 /* Anime */,
				7A19D34326318CD500F54170 /* AnimeTests */,
				7A19D34E26318CD500F54170 /* AnimeUITests */,
				7A19D32B26318CD400F54170 /* Products */,
			);
			sourceTree = "<group>";
		};
		7A19D32B26318CD400F54170 /* Products */ = {
			isa = PBXGroup;
			children = (
				7A19D32A26318CD400F54170 /* Anime.app */,
				7A19D34026318CD500F54170 /* AnimeTests.xctest */,
				7A19D34B26318CD500F54170 /* AnimeUITests.xctest */,
			);
			name = Products;
			sourceTree = "<group>";
		};
		7A19D32C26318CD400F54170 /* Anime */ = {
			isa = PBXGroup;
			children = (
				7A19D3652631912C00F54170 /* AnimeCell */,
				7A19D32D26318CD400F54170 /* AppDelegate.swift */,
				7A19D32F26318CD400F54170 /* SceneDelegate.swift */,
				7A19D33126318CD400F54170 /* ViewController.swift */,
				7A737DC82636D7EE00E6F5C2 /* AnimeDetailViewController.swift */,
				7A19D33326318CD400F54170 /* Main.storyboard */,
				7A19D33826318CD500F54170 /* LaunchScreen.storyboard */,
				7A19D33626318CD500F54170 /* Assets.xcassets */,
				7A19D33B26318CD500F54170 /* Info.plist */,
				7A0038B62639536E00CE08A4 /* titleView.swift */,
			);
			path = Anime;
			sourceTree = "<group>";
		};
		7A19D34326318CD500F54170 /* AnimeTests */ = {
			isa = PBXGroup;
			children = (
				7A19D34426318CD500F54170 /* AnimeTests.swift */,
				7A19D34626318CD500F54170 /* Info.plist */,
			);
			path = AnimeTests;
			sourceTree = "<group>";
		};
		7A19D34E26318CD500F54170 /* AnimeUITests */ = {
			isa = PBXGroup;
			children = (
				7A19D34F26318CD500F54170 /* AnimeUITests.swift */,
				7A19D35126318CD500F54170 /* Info.plist */,
			);
			path = AnimeUITests;
			sourceTree = "<group>";
		};
		7A19D3652631912C00F54170 /* AnimeCell */ = {
			isa = PBXGroup;
			children = (
				7A19D3662631919200F54170 /* AnimeTableViewCell.swift */,
				7A19D3672631919200F54170 /* AnimeTableViewCell.xib */,
			);
			path = AnimeCell;
			sourceTree = "<group>";
		};
/* End PBXGroup section */

/* Begin PBXNativeTarget section */
		7A19D32926318CD400F54170 /* Anime */ = {
			isa = PBXNativeTarget;
			buildConfigurationList = 7A19D35426318CD500F54170 /* Build configuration list for PBXNativeTarget "Anime" */;
			buildPhases = (
				7A19D32626318CD400F54170 /* Sources */,
				7A19D32726318CD400F54170 /* Frameworks */,
				7A19D32826318CD400F54170 /* Resources */,
			);
			buildRules = (
			);
			dependencies = (
			);
			name = Anime;
			productName = Anime;
			productReference = 7A19D32A26318CD400F54170 /* Anime.app */;
			productType = "com.apple.product-type.application";
		};
		7A19D33F26318CD500F54170 /* AnimeTests */ = {
			isa = PBXNativeTarget;
			buildConfigurationList = 7A19D35726318CD500F54170 /* Build configuration list for PBXNativeTarget "AnimeTests" */;
			buildPhases = (
				7A19D33C26318CD500F54170 /* Sources */,
				7A19D33D26318CD500F54170 /* Frameworks */,
				7A19D33E26318CD500F54170 /* Resources */,
			);
			buildRules = (
			);
			dependencies = (
				7A19D34226318CD500F54170 /* PBXTargetDependency */,
			);
			name = AnimeTests;
			productName = AnimeTests;
			productReference = 7A19D34026318CD500F54170 /* AnimeTests.xctest */;
			productType = "com.apple.product-type.bundle.unit-test";
		};
		7A19D34A26318CD500F54170 /* AnimeUITests */ = {
			isa = PBXNativeTarget;
			buildConfigurationList = 7A19D35A26318CD500F54170 /* Build configuration list for PBXNativeTarget "AnimeUITests" */;
			buildPhases = (
				7A19D34726318CD500F54170 /* Sources */,
				7A19D34826318CD500F54170 /* Frameworks */,
				7A19D34926318CD500F54170 /* Resources */,
			);
			buildRules = (
			);
			dependencies = (
				7A19D34D26318CD500F54170 /* PBXTargetDependency */,
			);
			name = AnimeUITests;
			productName = AnimeUITests;
			productReference = 7A19D34B26318CD500F54170 /* AnimeUITests.xctest */;
			productType = "com.apple.product-type.bundle.ui-testing";
		};
/* End PBXNativeTarget section */

/* Begin PBXProject section */
		7A19D32226318CD400F54170 /* Project object */ = {
			isa = PBXProject;
			attributes = {
				LastSwiftUpdateCheck = 1200;
				LastUpgradeCheck = 1200;
				TargetAttributes = {
					7A19D32926318CD400F54170 = {
						CreatedOnToolsVersion = 12.0;
					};
					7A19D33F26318CD500F54170 = {
						CreatedOnToolsVersion = 12.0;
						TestTargetID = 7A19D32926318CD400F54170;
					};
					7A19D34A26318CD500F54170 = {
						CreatedOnToolsVersion = 12.0;
						TestTargetID = 7A19D32926318CD400F54170;
					};
				};
			};
			buildConfigurationList = 7A19D32526318CD400F54170 /* Build configuration list for PBXProject "Anime" */;
			compatibilityVersion = "Xcode 9.3";
			developmentRegion = en;
			hasScannedForEncodings = 0;
			knownRegions = (
				en,
				Base,
			);
			mainGroup = 7A19D32126318CD400F54170;
			productRefGroup = 7A19D32B26318CD400F54170 /* Products */;
			projectDirPath = "";
			projectRoot = "";
			targets = (
				7A19D32926318CD400F54170 /* Anime */,
				7A19D33F26318CD500F54170 /* AnimeTests */,
				7A19D34A26318CD500F54170 /* AnimeUITests */,
			);
		};
/* End PBXProject section */

/* Begin PBXResourcesBuildPhase section */
		7A19D32826318CD400F54170 /* Resources */ = {
			isa = PBXResourcesBuildPhase;
			buildActionMask = 2147483647;
			files = (
				7A19D3612631905300F54170 /* Cells in Resources */,
				7A19D3692631919200F54170 /* AnimeTableViewCell.xib in Resources */,
				7A19D33A26318CD500F54170 /* LaunchScreen.storyboard in Resources */,
				7A19D33726318CD500F54170 /* Assets.xcassets in Resources */,
				7A19D33526318CD400F54170 /* Main.storyboard in Resources */,
			);
			runOnlyForDeploymentPostprocessing = 0;
		};
		7A19D33E26318CD500F54170 /* Resources */ = {
			isa = PBXResourcesBuildPhase;
			buildActionMask = 2147483647;
			files = (
			);
			runOnlyForDeploymentPostprocessing = 0;
		};
		7A19D34926318CD500F54170 /* Resources */ = {
			isa = PBXResourcesBuildPhase;
			buildActionMask = 2147483647;
			files = (
			);
			runOnlyForDeploymentPostprocessing = 0;
		};
/* End PBXResourcesBuildPhase section */

/* Begin PBXSourcesBuildPhase section */
		7A19D32626318CD400F54170 /* Sources */ = {
			isa = PBXSourcesBuildPhase;
			buildActionMask = 2147483647;
			files = (
				7A19D3682631919200F54170 /* AnimeTableViewCell.swift in Sources */,
				7A19D33226318CD400F54170 /* ViewController.swift in Sources */,
				7A737DC92636D7EE00E6F5C2 /* AnimeDetailViewController.swift in Sources */,
				7A19D32E26318CD400F54170 /* AppDelegate.swift in Sources */,
				7A19D33026318CD400F54170 /* SceneDelegate.swift in Sources */,
				7A0038B72639536E00CE08A4 /* titleView.swift in Sources */,
			);
			runOnlyForDeploymentPostprocessing = 0;
		};
		7A19D33C26318CD500F54170 /* Sources */ = {
			isa = PBXSourcesBuildPhase;
			buildActionMask = 2147483647;
			files = (
				7A19D34526318CD500F54170 /* AnimeTests.swift in Sources */,
			);
			runOnlyForDeploymentPostprocessing = 0;
		};
		7A19D34726318CD500F54170 /* Sources */ = {
			isa = PBXSourcesBuildPhase;
			buildActionMask = 2147483647;
			files = (
				7A19D35026318CD500F54170 /* AnimeUITests.swift in Sources */,
			);
			runOnlyForDeploymentPostprocessing = 0;
		};
/* End PBXSourcesBuildPhase section */

/* Begin PBXTargetDependency section */
		7A19D34226318CD500F54170 /* PBXTargetDependency */ = {
			isa = PBXTargetDependency;
			target = 7A19D32926318CD400F54170 /* Anime */;
			targetProxy = 7A19D34126318CD500F54170 /* PBXContainerItemProxy */;
		};
		7A19D34D26318CD500F54170 /* PBXTargetDependency */ = {
			isa = PBXTargetDependency;
			target = 7A19D32926318CD400F54170 /* Anime */;
			targetProxy = 7A19D34C26318CD500F54170 /* PBXContainerItemProxy */;
		};
/* End PBXTargetDependency section */

/* Begin PBXVariantGroup section */
		7A19D33326318CD400F54170 /* Main.storyboard */ = {
			isa = PBXVariantGroup;
			children = (
				7A19D33426318CD400F54170 /* Base */,
			);
			name = Main.storyboard;
			sourceTree = "<group>";
		};
		7A19D33826318CD500F54170 /* LaunchScreen.storyboard */ = {
			isa = PBXVariantGroup;
			children = (
				7A19D33926318CD500F54170 /* Base */,
			);
			name = LaunchScreen.storyboard;
			sourceTree = "<group>";
		};
/* End PBXVariantGroup section */

/* Begin XCBuildConfiguration section */
		7A19D35226318CD500F54170 /* Debug */ = {
			isa = XCBuildConfiguration;
			buildSettings = {
				ALWAYS_SEARCH_USER_PATHS = NO;
				CLANG_ANALYZER_NONNULL = YES;
				CLANG_ANALYZER_NUMBER_OBJECT_CONVERSION = YES_AGGRESSIVE;
				CLANG_CXX_LANGUAGE_STANDARD = "gnu++14";
				CLANG_CXX_LIBRARY = "libc++";
				CLANG_ENABLE_MODULES = YES;
				CLANG_ENABLE_OBJC_ARC = YES;
				CLANG_ENABLE_OBJC_WEAK = YES;
				CLANG_WARN_BLOCK_CAPTURE_AUTORELEASING = YES;
				CLANG_WARN_BOOL_CONVERSION = YES;
				CLANG_WARN_COMMA = YES;
				CLANG_WARN_CONSTANT_CONVERSION = YES;
				CLANG_WARN_DEPRECATED_OBJC_IMPLEMENTATIONS = YES;
				CLANG_WARN_DIRECT_OBJC_ISA_USAGE = YES_ERROR;
				CLANG_WARN_DOCUMENTATION_COMMENTS = YES;
				CLANG_WARN_EMPTY_BODY = YES;
				CLANG_WARN_ENUM_CONVERSION = YES;
				CLANG_WARN_INFINITE_RECURSION = YES;
				CLANG_WARN_INT_CONVERSION = YES;
				CLANG_WARN_NON_LITERAL_NULL_CONVERSION = YES;
				CLANG_WARN_OBJC_IMPLICIT_RETAIN_SELF = YES;
				CLANG_WARN_OBJC_LITERAL_CONVERSION = YES;
				CLANG_WARN_OBJC_ROOT_CLASS = YES_ERROR;
				CLANG_WARN_QUOTED_INCLUDE_IN_FRAMEWORK_HEADER = YES;
				CLANG_WARN_RANGE_LOOP_ANALYSIS = YES;
				CLANG_WARN_STRICT_PROTOTYPES = YES;
				CLANG_WARN_SUSPICIOUS_MOVE = YES;
				CLANG_WARN_UNGUARDED_AVAILABILITY = YES_AGGRESSIVE;
				CLANG_WARN_UNREACHABLE_CODE = YES;
				CLANG_WARN__DUPLICATE_METHOD_MATCH = YES;
				COPY_PHASE_STRIP = NO;
				DEBUG_INFORMATION_FORMAT = dwarf;
				ENABLE_STRICT_OBJC_MSGSEND = YES;
				ENABLE_TESTABILITY = YES;
				GCC_C_LANGUAGE_STANDARD = gnu11;
				GCC_DYNAMIC_NO_PIC = NO;
				GCC_NO_COMMON_BLOCKS = YES;
				GCC_OPTIMIZATION_LEVEL = 0;
				GCC_PREPROCESSOR_DEFINITIONS = (
					"DEBUG=1",
					"$(inherited)",
				);
				GCC_WARN_64_TO_32_BIT_CONVERSION = YES;
				GCC_WARN_ABOUT_RETURN_TYPE = YES_ERROR;
				GCC_WARN_UNDECLARED_SELECTOR = YES;
				GCC_WARN_UNINITIALIZED_AUTOS = YES_AGGRESSIVE;
				GCC_WARN_UNUSED_FUNCTION = YES;
				GCC_WARN_UNUSED_VARIABLE = YES;
				IPHONEOS_DEPLOYMENT_TARGET = 14.0;
				MTL_ENABLE_DEBUG_INFO = INCLUDE_SOURCE;
				MTL_FAST_MATH = YES;
				ONLY_ACTIVE_ARCH = YES;
				SDKROOT = iphoneos;
				SWIFT_ACTIVE_COMPILATION_CONDITIONS = DEBUG;
				SWIFT_OPTIMIZATION_LEVEL = "-Onone";
			};
			name = Debug;
		};
		7A19D35326318CD500F54170 /* Release */ = {
			isa = XCBuildConfiguration;
			buildSettings = {
				ALWAYS_SEARCH_USER_PATHS = NO;
				CLANG_ANALYZER_NONNULL = YES;
				CLANG_ANALYZER_NUMBER_OBJECT_CONVERSION = YES_AGGRESSIVE;
				CLANG_CXX_LANGUAGE_STANDARD = "gnu++14";
				CLANG_CXX_LIBRARY = "libc++";
				CLANG_ENABLE_MODULES = YES;
				CLANG_ENABLE_OBJC_ARC = YES;
				CLANG_ENABLE_OBJC_WEAK = YES;
				CLANG_WARN_BLOCK_CAPTURE_AUTORELEASING = YES;
				CLANG_WARN_BOOL_CONVERSION = YES;
				CLANG_WARN_COMMA = YES;
				CLANG_WARN_CONSTANT_CONVERSION = YES;
				CLANG_WARN_DEPRECATED_OBJC_IMPLEMENTATIONS = YES;
				CLANG_WARN_DIRECT_OBJC_ISA_USAGE = YES_ERROR;
				CLANG_WARN_DOCUMENTATION_COMMENTS = YES;
				CLANG_WARN_EMPTY_BODY = YES;
				CLANG_WARN_ENUM_CONVERSION = YES;
				CLANG_WARN_INFINITE_RECURSION = YES;
				CLANG_WARN_INT_CONVERSION = YES;
				CLANG_WARN_NON_LITERAL_NULL_CONVERSION = YES;
				CLANG_WARN_OBJC_IMPLICIT_RETAIN_SELF = YES;
				CLANG_WARN_OBJC_LITERAL_CONVERSION = YES;
				CLANG_WARN_OBJC_ROOT_CLASS = YES_ERROR;
				CLANG_WARN_QUOTED_INCLUDE_IN_FRAMEWORK_HEADER = YES;
				CLANG_WARN_RANGE_LOOP_ANALYSIS = YES;
				CLANG_WARN_STRICT_PROTOTYPES = YES;
				CLANG_WARN_SUSPICIOUS_MOVE = YES;
				CLANG_WARN_UNGUARDED_AVAILABILITY = YES_AGGRESSIVE;
				CLANG_WARN_UNREACHABLE_CODE = YES;
				CLANG_WARN__DUPLICATE_METHOD_MATCH = YES;
				COPY_PHASE_STRIP = NO;
				DEBUG_INFORMATION_FORMAT = "dwarf-with-dsym";
				ENABLE_NS_ASSERTIONS = NO;
				ENABLE_STRICT_OBJC_MSGSEND = YES;
				GCC_C_LANGUAGE_STANDARD = gnu11;
				GCC_NO_COMMON_BLOCKS = YES;
				GCC_WARN_64_TO_32_BIT_CONVERSION = YES;
				GCC_WARN_ABOUT_RETURN_TYPE = YES_ERROR;
				GCC_WARN_UNDECLARED_SELECTOR = YES;
				GCC_WARN_UNINITIALIZED_AUTOS = YES_AGGRESSIVE;
				GCC_WARN_UNUSED_FUNCTION = YES;
				GCC_WARN_UNUSED_VARIABLE = YES;
				IPHONEOS_DEPLOYMENT_TARGET = 14.0;
				MTL_ENABLE_DEBUG_INFO = NO;
				MTL_FAST_MATH = YES;
				SDKROOT = iphoneos;
				SWIFT_COMPILATION_MODE = wholemodule;
				SWIFT_OPTIMIZATION_LEVEL = "-O";
				VALIDATE_PRODUCT = YES;
			};
			name = Release;
		};
		7A19D35526318CD500F54170 /* Debug */ = {
			isa = XCBuildConfiguration;
			buildSettings = {
				ASSETCATALOG_COMPILER_APPICON_NAME = AppIcon;
				ASSETCATALOG_COMPILER_GLOBAL_ACCENT_COLOR_NAME = AccentColor;
				CODE_SIGN_STYLE = Automatic;
				DEVELOPMENT_TEAM = C82839ZJF2;
				INFOPLIST_FILE = Anime/Info.plist;
				LD_RUNPATH_SEARCH_PATHS = (
					"$(inherited)",
					"@executable_path/Frameworks",
				);
				PRODUCT_BUNDLE_IDENTIFIER = test.anime.Anime;
				PRODUCT_NAME = "$(TARGET_NAME)";
				SWIFT_VERSION = 5.0;
				TARGETED_DEVICE_FAMILY = "1,2";
			};
			name = Debug;
		};
		7A19D35626318CD500F54170 /* Release */ = {
			isa = XCBuildConfiguration;
			buildSettings = {
				ASSETCATALOG_COMPILER_APPICON_NAME = AppIcon;
				ASSETCATALOG_COMPILER_GLOBAL_ACCENT_COLOR_NAME = AccentColor;
				CODE_SIGN_STYLE = Automatic;
				DEVELOPMENT_TEAM = C82839ZJF2;
				INFOPLIST_FILE = Anime/Info.plist;
				LD_RUNPATH_SEARCH_PATHS = (
					"$(inherited)",
					"@executable_path/Frameworks",
				);
				PRODUCT_BUNDLE_IDENTIFIER = test.anime.Anime;
				PRODUCT_NAME = "$(TARGET_NAME)";
				SWIFT_VERSION = 5.0;
				TARGETED_DEVICE_FAMILY = "1,2";
			};
			name = Release;
		};
		7A19D35826318CD500F54170 /* Debug */ = {
			isa = XCBuildConfiguration;
			buildSettings = {
				ALWAYS_EMBED_SWIFT_STANDARD_LIBRARIES = YES;
				BUNDLE_LOADER = "$(TEST_HOST)";
				CODE_SIGN_STYLE = Automatic;
				DEVELOPMENT_TEAM = C82839ZJF2;
				INFOPLIST_FILE = AnimeTests/Info.plist;
				IPHONEOS_DEPLOYMENT_TARGET = 14.0;
				LD_RUNPATH_SEARCH_PATHS = (
					"$(inherited)",
					"@executable_path/Frameworks",
					"@loader_path/Frameworks",
				);
				PRODUCT_BUNDLE_IDENTIFIER = test.anime.AnimeTests;
				PRODUCT_NAME = "$(TARGET_NAME)";
				SWIFT_VERSION = 5.0;
				TARGETED_DEVICE_FAMILY = "1,2";
				TEST_HOST = "$(BUILT_PRODUCTS_DIR)/Anime.app/Anime";
			};
			name = Debug;
		};
		7A19D35926318CD500F54170 /* Release */ = {
			isa = XCBuildConfiguration;
			buildSettings = {
				ALWAYS_EMBED_SWIFT_STANDARD_LIBRARIES = YES;
				BUNDLE_LOADER = "$(TEST_HOST)";
				CODE_SIGN_STYLE = Automatic;
				DEVELOPMENT_TEAM = C82839ZJF2;
				INFOPLIST_FILE = AnimeTests/Info.plist;
				IPHONEOS_DEPLOYMENT_TARGET = 14.0;
				LD_RUNPATH_SEARCH_PATHS = (
					"$(inherited)",
					"@executable_path/Frameworks",
					"@loader_path/Frameworks",
				);
				PRODUCT_BUNDLE_IDENTIFIER = test.anime.AnimeTests;
				PRODUCT_NAME = "$(TARGET_NAME)";
				SWIFT_VERSION = 5.0;
				TARGETED_DEVICE_FAMILY = "1,2";
				TEST_HOST = "$(BUILT_PRODUCTS_DIR)/Anime.app/Anime";
			};
			name = Release;
		};
		7A19D35B26318CD500F54170 /* Debug */ = {
			isa = XCBuildConfiguration;
			buildSettings = {
				ALWAYS_EMBED_SWIFT_STANDARD_LIBRARIES = YES;
				CODE_SIGN_STYLE = Automatic;
				DEVELOPMENT_TEAM = C82839ZJF2;
				INFOPLIST_FILE = AnimeUITests/Info.plist;
				LD_RUNPATH_SEARCH_PATHS = (
					"$(inherited)",
					"@executable_path/Frameworks",
					"@loader_path/Frameworks",
				);
				PRODUCT_BUNDLE_IDENTIFIER = test.anime.AnimeUITests;
				PRODUCT_NAME = "$(TARGET_NAME)";
				SWIFT_VERSION = 5.0;
				TARGETED_DEVICE_FAMILY = "1,2";
				TEST_TARGET_NAME = Anime;
			};
			name = Debug;
		};
		7A19D35C26318CD500F54170 /* Release */ = {
			isa = XCBuildConfiguration;
			buildSettings = {
				ALWAYS_EMBED_SWIFT_STANDARD_LIBRARIES = YES;
				CODE_SIGN_STYLE = Automatic;
				DEVELOPMENT_TEAM = C82839ZJF2;
				INFOPLIST_FILE = AnimeUITests/Info.plist;
				LD_RUNPATH_SEARCH_PATHS = (
					"$(inherited)",
					"@executable_path/Frameworks",
					"@loader_path/Frameworks",
				);
				PRODUCT_BUNDLE_IDENTIFIER = test.anime.AnimeUITests;
				PRODUCT_NAME = "$(TARGET_NAME)";
				SWIFT_VERSION = 5.0;
				TARGETED_DEVICE_FAMILY = "1,2";
				TEST_TARGET_NAME = Anime;
			};
			name = Release;
		};
/* End XCBuildConfiguration section */

/* Begin XCConfigurationList section */
		7A19D32526318CD400F54170 /* Build configuration list for PBXProject "Anime" */ = {
			isa = XCConfigurationList;
			buildConfigurations = (
				7A19D35226318CD500F54170 /* Debug */,
				7A19D35326318CD500F54170 /* Release */,
			);
			defaultConfigurationIsVisible = 0;
			defaultConfigurationName = Release;
		};
		7A19D35426318CD500F54170 /* Build configuration list for PBXNativeTarget "Anime" */ = {
			isa = XCConfigurationList;
			buildConfigurations = (
				7A19D35526318CD500F54170 /* Debug */,
				7A19D35626318CD500F54170 /* Release */,
			);
			defaultConfigurationIsVisible = 0;
			defaultConfigurationName = Release;
		};
		7A19D35726318CD500F54170 /* Build configuration list for PBXNativeTarget "AnimeTests" */ = {
			isa = XCConfigurationList;
			buildConfigurations = (
				7A19D35826318CD500F54170 /* Debug */,
				7A19D35926318CD500F54170 /* Release */,
			);
			defaultConfigurationIsVisible = 0;
			defaultConfigurationName = Release;
		};
		7A19D35A26318CD500F54170 /* Build configuration list for PBXNativeTarget "AnimeUITests" */ = {
			isa = XCConfigurationList;
			buildConfigurations = (
				7A19D35B26318CD500F54170 /* Debug */,
				7A19D35C26318CD500F54170 /* Release */,
			);
			defaultConfigurationIsVisible = 0;
			defaultConfigurationName = Release;
		};
/* End XCConfigurationList section */
	};
	rootObject = 7A19D32226318CD400F54170 /* Project object */;
}
